{
  "name": "@keshavsoft/kschema-api-gen",
  "version": "1.9.2",
  "lockfileVersion": 3,
  "requires": true,
  "packages": {
    "": {
      "name": "@keshavsoft/kschema-api-gen",
      "version": "1.9.2",
      "dependencies": {
        "@keshavsoft/kschema": "^1.17.8",
        "@keshavsoft/kschema-api-check": "^1.10.3"
      },
      "bin": {
        "kschema-api-gen": "bin/cli.js"
      }
    },
    "node_modules/@keshavsoft/kschema": {
      "version": "1.17.10",
      "resolved": "https://registry.npmjs.org/@keshavsoft/kschema/-/kschema-1.17.10.tgz",
      "integrity": "sha512-WondnA6gE54sNLjV2elufMsY9wyDLK+vWWOGD1tS3DM6nLhX3+iZtSWx1P7QMUech3ahWZM/ApzjRDTyF3Vh4A=="
    },
    "node_modules/@keshavsoft/kschema-api-check": {
      "version": "1.10.3",
      "resolved": "https://registry.npmjs.org/@keshavsoft/kschema-api-check/-/kschema-api-check-1.10.3.tgz",
      "integrity": "sha512-DC0y7ti5OHoOEoimFYfV13Ey+Zg6D1BG8TAE4RHr/EYepu9rVNnLN5VDYz28+bBToox5Eq6oiZMkEH8jt1cL8A==",
      "bin": {
        "kschema-api-check": "bin/cli.js"
      }
    }
  }
}
