{
  "name": "@keshavsoft/kschema-api-gen-actions",
  "version": "1.15.2",
  "lockfileVersion": 3,
  "requires": true,
  "packages": {
    "": {
      "name": "@keshavsoft/kschema-api-gen-actions",
      "version": "1.15.2",
      "dependencies": {
        "@keshavsoft/kschema": "^1.17.8",
        "@keshavsoft/kschema-api-check": "^1.11.3"
      },
      "bin": {
        "kschema-api-gen-actions": "bin/cli.js"
      }
    },
    "node_modules/@keshavsoft/kschema": {
      "version": "1.17.10",
      "resolved": "https://registry.npmjs.org/@keshavsoft/kschema/-/kschema-1.17.10.tgz",
      "integrity": "sha512-WondnA6gE54sNLjV2elufMsY9wyDLK+vWWOGD1tS3DM6nLhX3+iZtSWx1P7QMUech3ahWZM/ApzjRDTyF3Vh4A=="
    },
    "node_modules/@keshavsoft/kschema-api-check": {
      "version": "1.11.3",
      "resolved": "https://registry.npmjs.org/@keshavsoft/kschema-api-check/-/kschema-api-check-1.11.3.tgz",
      "integrity": "sha512-yr1qmqR5o2hc5U/h0uB/MwObm7cQL5c3QB0q51gu9uO7sVDke5EFP5O2p8aDHSHTBNoCzUOqTurFL2+w3ZhveA==",
      "bin": {
        "kschema-api-check": "bin/cli.js"
      }
    }
  }
}
